
Microsoft Visual Studio Solution File, Format Version 12.00
# Visual Studio Version 16
VisualStudioVersion = 16.0.31729.503
MinimumVisualStudioVersion = 10.0.40219.1
Project("{FAE04EC0-301F-11D3-BF4B-00C04F79EFBC}") = "Practica3_BasesDeDatos", "Practica3_BasesDeDatos\Practica3_BasesDeDatos.csproj", "{2D8569D9-4CB7-42A8-AB5F-EFB12FAD040E}"
EndProject
Global
	GlobalSection(SolutionConfigurationPlatforms) = preSolution
		Debug|Any CPU = Debug|Any CPU
		Release|Any CPU = Release|Any CPU
	EndGlobalSection
	GlobalSection(ProjectConfigurationPlatforms) = postSolution
		{2D8569D9-4CB7-42A8-AB5F-EFB12FAD040E}.Debug|Any CPU.ActiveCfg = Debug|Any CPU
		{2D8569D9-4CB7-42A8-AB5F-EFB12FAD040E}.Debug|Any CPU.Build.0 = Debug|Any CPU
		{2D8569D9-4CB7-42A8-AB5F-EFB12FAD040E}.Release|Any CPU.ActiveCfg = Release|Any CPU
		{2D8569D9-4CB7-42A8-AB5F-EFB12FAD040E}.Release|Any CPU.Build.0 = Release|Any CPU
	EndGlobalSection
	GlobalSection(SolutionProperties) = preSolution
		HideSolutionNode = FALSE
	EndGlobalSection
	GlobalSection(ExtensibilityGlobals) = postSolution
		SolutionGuid = {600A45CC-993B-4AEC-A7C8-99160CE1E3EA}
	EndGlobalSection
EndGlobal
